// !$*UTF8*$!
{
	archiveVersion = 1;
	classes = {
	};
	objectVersion = 46;
	objects = {

/* Begin PBXBuildFile section */
		551063F61BC02BDC00B5C5A4 /* DroneRotor.m in Sources */ = {isa = PBXBuildFile; fileRef = 551063F51BC02BDC00B5C5A4 /* DroneRotor.m */; settings = {ASSET_TAGS = (); }; };
		55B2E9E91BB98EC30039D49A /* main.m in Sources */ = {isa = PBXBuildFile; fileRef = 55B2E9E81BB98EC30039D49A /* main.m */; };
		55B2E9EC1BB98EC30039D49A /* AppDelegate.m in Sources */ = {isa = PBXBuildFile; fileRef = 55B2E9EB1BB98EC30039D49A /* AppDelegate.m */; };
		55B2E9EF1BB98EC30039D49A /* GameScene.m in Sources */ = {isa = PBXBuildFile; fileRef = 55B2E9EE1BB98EC30039D49A /* GameScene.m */; };
		55B2E9F11BB98EC30039D49A /* GameScene.sks in Resources */ = {isa = PBXBuildFile; fileRef = 55B2E9F01BB98EC30039D49A /* GameScene.sks */; };
		55B2E9F41BB98EC30039D49A /* GameViewController.m in Sources */ = {isa = PBXBuildFile; fileRef = 55B2E9F31BB98EC30039D49A /* GameViewController.m */; };
		55B2E9F71BB98EC30039D49A /* Main.storyboard in Resources */ = {isa = PBXBuildFile; fileRef = 55B2E9F51BB98EC30039D49A /* Main.storyboard */; };
		55B2E9F91BB98EC30039D49A /* Assets.xcassets in Resources */ = {isa = PBXBuildFile; fileRef = 55B2E9F81BB98EC30039D49A /* Assets.xcassets */; };
		55B2E9FC1BB98EC30039D49A /* LaunchScreen.storyboard in Resources */ = {isa = PBXBuildFile; fileRef = 55B2E9FA1BB98EC30039D49A /* LaunchScreen.storyboard */; };
		55B2EA071BB98EC30039D49A /* XDrone2Tests.m in Sources */ = {isa = PBXBuildFile; fileRef = 55B2EA061BB98EC30039D49A /* XDrone2Tests.m */; };
		55B2EA121BB98EC30039D49A /* XDrone2UITests.m in Sources */ = {isa = PBXBuildFile; fileRef = 55B2EA111BB98EC30039D49A /* XDrone2UITests.m */; };
		55B2EA211BBAD6100039D49A /* MainScene.m in Sources */ = {isa = PBXBuildFile; fileRef = 55B2EA201BBAD6100039D49A /* MainScene.m */; settings = {ASSET_TAGS = (); }; };
/* End PBXBuildFile section */

/* Begin PBXContainerItemProxy section */
		55B2EA031BB98EC30039D49A /* PBXContainerItemProxy */ = {
			isa = PBXContainerItemProxy;
			containerPortal = 55B2E9DC1BB98EC30039D49A /* Project object */;
			proxyType = 1;
			remoteGlobalIDString = 55B2E9E31BB98EC30039D49A;
			remoteInfo = XDrone2;
		};
		55B2EA0E1BB98EC30039D49A /* PBXContainerItemProxy */ = {
			isa = PBXContainerItemProxy;
			containerPortal = 55B2E9DC1BB98EC30039D49A /* Project object */;
			proxyType = 1;
			remoteGlobalIDString = 55B2E9E31BB98EC30039D49A;
			remoteInfo = XDrone2;
		};
/* End PBXContainerItemProxy section */

/* Begin PBXFileReference section */
		551063F41BC02BDC00B5C5A4 /* DroneRotor.h */ = {isa = PBXFileReference; fileEncoding = 4; lastKnownFileType = sourcecode.c.h; path = DroneRotor.h; sourceTree = "<group>"; };
		551063F51BC02BDC00B5C5A4 /* DroneRotor.m */ = {isa = PBXFileReference; fileEncoding = 4; lastKnownFileType = sourcecode.c.objc; path = DroneRotor.m; sourceTree = "<group>"; };
		55B2E9E41BB98EC30039D49A /* XDrone2.app */ = {isa = PBXFileReference; explicitFileType = wrapper.application; includeInIndex = 0; path = XDrone2.app; sourceTree = BUILT_PRODUCTS_DIR; };
		55B2E9E81BB98EC30039D49A /* main.m */ = {isa = PBXFileReference; lastKnownFileType = sourcecode.c.objc; path = main.m; sourceTree = "<group>"; };
		55B2E9EA1BB98EC30039D49A /* AppDelegate.h */ = {isa = PBXFileReference; lastKnownFileType = sourcecode.c.h; path = AppDelegate.h; sourceTree = "<group>"; };
		55B2E9EB1BB98EC30039D49A /* AppDelegate.m */ = {isa = PBXFileReference; lastKnownFileType = sourcecode.c.objc; path = AppDelegate.m; sourceTree = "<group>"; };
		55B2E9ED1BB98EC30039D49A /* GameScene.h */ = {isa = PBXFileReference; lastKnownFileType = sourcecode.c.h; path = GameScene.h; sourceTree = "<group>"; };
		55B2E9EE1BB98EC30039D49A /* GameScene.m */ = {isa = PBXFileReference; lastKnownFileType = sourcecode.c.objc; path = GameScene.m; sourceTree = "<group>"; };
		55B2E9F01BB98EC30039D49A /* GameScene.sks */ = {isa = PBXFileReference; lastKnownFileType = file.sks; path = GameScene.sks; sourceTree = "<group>"; };
		55B2E9F21BB98EC30039D49A /* GameViewController.h */ = {isa = PBXFileReference; lastKnownFileType = sourcecode.c.h; path = GameViewController.h; sourceTree = "<group>"; };
		55B2E9F31BB98EC30039D49A /* GameViewController.m */ = {isa = PBXFileReference; lastKnownFileType = sourcecode.c.objc; path = GameViewController.m; sourceTree = "<group>"; };
		55B2E9F61BB98EC30039D49A /* Base */ = {isa = PBXFileReference; lastKnownFileType = file.storyboard; name = Base; path = Base.lproj/Main.storyboard; sourceTree = "<group>"; };
		55B2E9F81BB98EC30039D49A /* Assets.xcassets */ = {isa = PBXFileReference; lastKnownFileType = folder.assetcatalog; path = Assets.xcassets; sourceTree = "<group>"; };
		55B2E9FB1BB98EC30039D49A /* Base */ = {isa = PBXFileReference; lastKnownFileType = file.storyboard; name = Base; path = Base.lproj/LaunchScreen.storyboard; sourceTree = "<group>"; };
		55B2E9FD1BB98EC30039D49A /* Info.plist */ = {isa = PBXFileReference; lastKnownFileType = text.plist.xml; path = Info.plist; sourceTree = "<group>"; };
		55B2EA021BB98EC30039D49A /* XDrone2Tests.xctest */ = {isa = PBXFileReference; explicitFileType = wrapper.cfbundle; includeInIndex = 0; path = XDrone2Tests.xctest; sourceTree = BUILT_PRODUCTS_DIR; };
		55B2EA061BB98EC30039D49A /* XDrone2Tests.m */ = {isa = PBXFileReference; lastKnownFileType = sourcecode.c.objc; path = XDrone2Tests.m; sourceTree = "<group>"; };
		55B2EA081BB98EC30039D49A /* Info.plist */ = {isa = PBXFileReference; lastKnownFileType = text.plist.xml; path = Info.plist; sourceTree = "<group>"; };
		55B2EA0D1BB98EC30039D49A /* XDrone2UITests.xctest */ = {isa = PBXFileReference; explicitFileType = wrapper.cfbundle; includeInIndex = 0; path = XDrone2UITests.xctest; sourceTree = BUILT_PRODUCTS_DIR; };
		55B2EA111BB98EC30039D49A /* XDrone2UITests.m */ = {isa = PBXFileReference; lastKnownFileType = sourcecode.c.objc; path = XDrone2UITests.m; sourceTree = "<group>"; };
		55B2EA131BB98EC30039D49A /* Info.plist */ = {isa = PBXFileReference; lastKnownFileType = text.plist.xml; path = Info.plist; sourceTree = "<group>"; };
		55B2EA1F1BBAD6100039D49A /* MainScene.h */ = {isa = PBXFileReference; fileEncoding = 4; lastKnownFileType = sourcecode.c.h; path = MainScene.h; sourceTree = "<group>"; };
		55B2EA201BBAD6100039D49A /* MainScene.m */ = {isa = PBXFileReference; fileEncoding = 4; lastKnownFileType = sourcecode.c.objc; path = MainScene.m; sourceTree = "<group>"; };
/* End PBXFileReference section */

/* Begin PBXFrameworksBuildPhase section */
		55B2E9E11BB98EC30039D49A /* Frameworks */ = {
			isa = PBXFrameworksBuildPhase;
			buildActionMask = 2147483647;
			files = (
			);
			runOnlyForDeploymentPostprocessing = 0;
		};
		55B2E9FF1BB98EC30039D49A /* Frameworks */ = {
			isa = PBXFrameworksBuildPhase;
			buildActionMask = 2147483647;
			files = (
			);
			runOnlyForDeploymentPostprocessing = 0;
		};
		55B2EA0A1BB98EC30039D49A /* Frameworks */ = {
			isa = PBXFrameworksBuildPhase;
			buildActionMask = 2147483647;
			files = (
			);
			runOnlyForDeploymentPostprocessing = 0;
		};
/* End PBXFrameworksBuildPhase section */

/* Begin PBXGroup section */
		55B2E9DB1BB98EC30039D49A = {
			isa = PBXGroup;
			children = (
				55B2E9E61BB98EC30039D49A /* XDrone2 */,
				55B2EA051BB98EC30039D49A /* XDrone2Tests */,
				55B2EA101BB98EC30039D49A /* XDrone2UITests */,
				55B2E9E51BB98EC30039D49A /* Products */,
			);
			sourceTree = "<group>";
		};
		55B2E9E51BB98EC30039D49A /* Products */ = {
			isa = PBXGroup;
			children = (
				55B2E9E41BB98EC30039D49A /* XDrone2.app */,
				55B2EA021BB98EC30039D49A /* XDrone2Tests.xctest */,
				55B2EA0D1BB98EC30039D49A /* XDrone2UITests.xctest */,
			);
			name = Products;
			sourceTree = "<group>";
		};
		55B2E9E61BB98EC30039D49A /* XDrone2 */ = {
			isa = PBXGroup;
			children = (
				55B2E9EA1BB98EC30039D49A /* AppDelegate.h */,
				55B2E9EB1BB98EC30039D49A /* AppDelegate.m */,
				55B2E9ED1BB98EC30039D49A /* GameScene.h */,
				55B2E9EE1BB98EC30039D49A /* GameScene.m */,
				55B2EA1F1BBAD6100039D49A /* MainScene.h */,
				55B2EA201BBAD6100039D49A /* MainScene.m */,
				551063F41BC02BDC00B5C5A4 /* DroneRotor.h */,
				551063F51BC02BDC00B5C5A4 /* DroneRotor.m */,
				55B2E9F01BB98EC30039D49A /* GameScene.sks */,
				55B2E9F21BB98EC30039D49A /* GameViewController.h */,
				55B2E9F31BB98EC30039D49A /* GameViewController.m */,
				55B2E9F51BB98EC30039D49A /* Main.storyboard */,
				55B2E9F81BB98EC30039D49A /* Assets.xcassets */,
				55B2E9FA1BB98EC30039D49A /* LaunchScreen.storyboard */,
				55B2E9FD1BB98EC30039D49A /* Info.plist */,
				55B2E9E71BB98EC30039D49A /* Supporting Files */,
			);
			path = XDrone2;
			sourceTree = "<group>";
		};
		55B2E9E71BB98EC30039D49A /* Supporting Files */ = {
			isa = PBXGroup;
			children = (
				55B2E9E81BB98EC30039D49A /* main.m */,
			);
			name = "Supporting Files";
			sourceTree = "<group>";
		};
		55B2EA051BB98EC30039D49A /* XDrone2Tests */ = {
			isa = PBXGroup;
			children = (
				55B2EA061BB98EC30039D49A /* XDrone2Tests.m */,
				55B2EA081BB98EC30039D49A /* Info.plist */,
			);
			path = XDrone2Tests;
			sourceTree = "<group>";
		};
		55B2EA101BB98EC30039D49A /* XDrone2UITests */ = {
			isa = PBXGroup;
			children = (
				55B2EA111BB98EC30039D49A /* XDrone2UITests.m */,
				55B2EA131BB98EC30039D49A /* Info.plist */,
			);
			path = XDrone2UITests;
			sourceTree = "<group>";
		};
/* End PBXGroup section */

/* Begin PBXNativeTarget section */
		55B2E9E31BB98EC30039D49A /* XDrone2 */ = {
			isa = PBXNativeTarget;
			buildConfigurationList = 55B2EA161BB98EC30039D49A /* Build configuration list for PBXNativeTarget "XDrone2" */;
			buildPhases = (
				55B2E9E01BB98EC30039D49A /* Sources */,
				55B2E9E11BB98EC30039D49A /* Frameworks */,
				55B2E9E21BB98EC30039D49A /* Resources */,
			);
			buildRules = (
			);
			dependencies = (
			);
			name = XDrone2;
			productName = XDrone2;
			productReference = 55B2E9E41BB98EC30039D49A /* XDrone2.app */;
			productType = "com.apple.product-type.application";
		};
		55B2EA011BB98EC30039D49A /* XDrone2Tests */ = {
			isa = PBXNativeTarget;
			buildConfigurationList = 55B2EA191BB98EC30039D49A /* Build configuration list for PBXNativeTarget "XDrone2Tests" */;
			buildPhases = (
				55B2E9FE1BB98EC30039D49A /* Sources */,
				55B2E9FF1BB98EC30039D49A /* Frameworks */,
				55B2EA001BB98EC30039D49A /* Resources */,
			);
			buildRules = (
			);
			dependencies = (
				55B2EA041BB98EC30039D49A /* PBXTargetDependency */,
			);
			name = XDrone2Tests;
			productName = XDrone2Tests;
			productReference = 55B2EA021BB98EC30039D49A /* XDrone2Tests.xctest */;
			productType = "com.apple.product-type.bundle.unit-test";
		};
		55B2EA0C1BB98EC30039D49A /* XDrone2UITests */ = {
			isa = PBXNativeTarget;
			buildConfigurationList = 55B2EA1C1BB98EC30039D49A /* Build configuration list for PBXNativeTarget "XDrone2UITests" */;
			buildPhases = (
				55B2EA091BB98EC30039D49A /* Sources */,
				55B2EA0A1BB98EC30039D49A /* Frameworks */,
				55B2EA0B1BB98EC30039D49A /* Resources */,
			);
			buildRules = (
			);
			dependencies = (
				55B2EA0F1BB98EC30039D49A /* PBXTargetDependency */,
			);
			name = XDrone2UITests;
			productName = XDrone2UITests;
			productReference = 55B2EA0D1BB98EC30039D49A /* XDrone2UITests.xctest */;
			productType = "com.apple.product-type.bundle.ui-testing";
		};
/* End PBXNativeTarget section */

/* Begin PBXProject section */
		55B2E9DC1BB98EC30039D49A /* Project object */ = {
			isa = PBXProject;
			attributes = {
				LastUpgradeCheck = 0700;
				ORGANIZATIONNAME = Andrey;
				TargetAttributes = {
					55B2E9E31BB98EC30039D49A = {
						CreatedOnToolsVersion = 7.0;
						DevelopmentTeam = M6CM7H2F7D;
					};
					55B2EA011BB98EC30039D49A = {
						CreatedOnToolsVersion = 7.0;
						DevelopmentTeam = M6CM7H2F7D;
						TestTargetID = 55B2E9E31BB98EC30039D49A;
					};
					55B2EA0C1BB98EC30039D49A = {
						CreatedOnToolsVersion = 7.0;
						DevelopmentTeam = M6CM7H2F7D;
						TestTargetID = 55B2E9E31BB98EC30039D49A;
					};
				};
			};
			buildConfigurationList = 55B2E9DF1BB98EC30039D49A /* Build configuration list for PBXProject "XDrone2" */;
			compatibilityVersion = "Xcode 3.2";
			developmentRegion = English;
			hasScannedForEncodings = 0;
			knownRegions = (
				en,
				Base,
			);
			mainGroup = 55B2E9DB1BB98EC30039D49A;
			productRefGroup = 55B2E9E51BB98EC30039D49A /* Products */;
			projectDirPath = "";
			projectRoot = "";
			targets = (
				55B2E9E31BB98EC30039D49A /* XDrone2 */,
				55B2EA011BB98EC30039D49A /* XDrone2Tests */,
				55B2EA0C1BB98EC30039D49A /* XDrone2UITests */,
			);
		};
/* End PBXProject section */

/* Begin PBXResourcesBuildPhase section */
		55B2E9E21BB98EC30039D49A /* Resources */ = {
			isa = PBXResourcesBuildPhase;
			buildActionMask = 2147483647;
			files = (
				55B2E9F11BB98EC30039D49A /* GameScene.sks in Resources */,
				55B2E9FC1BB98EC30039D49A /* LaunchScreen.storyboard in Resources */,
				55B2E9F91BB98EC30039D49A /* Assets.xcassets in Resources */,
				55B2E9F71BB98EC30039D49A /* Main.storyboard in Resources */,
			);
			runOnlyForDeploymentPostprocessing = 0;
		};
		55B2EA001BB98EC30039D49A /* Resources */ = {
			isa = PBXResourcesBuildPhase;
			buildActionMask = 2147483647;
			files = (
			);
			runOnlyForDeploymentPostprocessing = 0;
		};
		55B2EA0B1BB98EC30039D49A /* Resources */ = {
			isa = PBXResourcesBuildPhase;
			buildActionMask = 2147483647;
			files = (
			);
			runOnlyForDeploymentPostprocessing = 0;
		};
/* End PBXResourcesBuildPhase section */

/* Begin PBXSourcesBuildPhase section */
		55B2E9E01BB98EC30039D49A /* Sources */ = {
			isa = PBXSourcesBuildPhase;
			buildActionMask = 2147483647;
			files = (
				55B2E9F41BB98EC30039D49A /* GameViewController.m in Sources */,
				551063F61BC02BDC00B5C5A4 /* DroneRotor.m in Sources */,
				55B2E9EC1BB98EC30039D49A /* AppDelegate.m in Sources */,
				55B2EA211BBAD6100039D49A /* MainScene.m in Sources */,
				55B2E9EF1BB98EC30039D49A /* GameScene.m in Sources */,
				55B2E9E91BB98EC30039D49A /* main.m in Sources */,
			);
			runOnlyForDeploymentPostprocessing = 0;
		};
		55B2E9FE1BB98EC30039D49A /* Sources */ = {
			isa = PBXSourcesBuildPhase;
			buildActionMask = 2147483647;
			files = (
				55B2EA071BB98EC30039D49A /* XDrone2Tests.m in Sources */,
			);
			runOnlyForDeploymentPostprocessing = 0;
		};
		55B2EA091BB98EC30039D49A /* Sources */ = {
			isa = PBXSourcesBuildPhase;
			buildActionMask = 2147483647;
			files = (
				55B2EA121BB98EC30039D49A /* XDrone2UITests.m in Sources */,
			);
			runOnlyForDeploymentPostprocessing = 0;
		};
/* End PBXSourcesBuildPhase section */

/* Begin PBXTargetDependency section */
		55B2EA041BB98EC30039D49A /* PBXTargetDependency */ = {
			isa = PBXTargetDependency;
			target = 55B2E9E31BB98EC30039D49A /* XDrone2 */;
			targetProxy = 55B2EA031BB98EC30039D49A /* PBXContainerItemProxy */;
		};
		55B2EA0F1BB98EC30039D49A /* PBXTargetDependency */ = {
			isa = PBXTargetDependency;
			target = 55B2E9E31BB98EC30039D49A /* XDrone2 */;
			targetProxy = 55B2EA0E1BB98EC30039D49A /* PBXContainerItemProxy */;
		};
/* End PBXTargetDependency section */

/* Begin PBXVariantGroup section */
		55B2E9F51BB98EC30039D49A /* Main.storyboard */ = {
			isa = PBXVariantGroup;
			children = (
				55B2E9F61BB98EC30039D49A /* Base */,
			);
			name = Main.storyboard;
			sourceTree = "<group>";
		};
		55B2E9FA1BB98EC30039D49A /* LaunchScreen.storyboard */ = {
			isa = PBXVariantGroup;
			children = (
				55B2E9FB1BB98EC30039D49A /* Base */,
			);
			name = LaunchScreen.storyboard;
			sourceTree = "<group>";
		};
/* End PBXVariantGroup section */

/* Begin XCBuildConfiguration section */
		55B2EA141BB98EC30039D49A /* Debug */ = {
			isa = XCBuildConfiguration;
			buildSettings = {
				ALWAYS_SEARCH_USER_PATHS = NO;
				CLANG_CXX_LANGUAGE_STANDARD = "gnu++0x";
				CLANG_CXX_LIBRARY = "libc++";
				CLANG_ENABLE_MODULES = YES;
				CLANG_ENABLE_OBJC_ARC = YES;
				CLANG_WARN_BOOL_CONVERSION = YES;
				CLANG_WARN_CONSTANT_CONVERSION = YES;
				CLANG_WARN_DIRECT_OBJC_ISA_USAGE = YES_ERROR;
				CLANG_WARN_EMPTY_BODY = YES;
				CLANG_WARN_ENUM_CONVERSION = YES;
				CLANG_WARN_INT_CONVERSION = YES;
				CLANG_WARN_OBJC_ROOT_CLASS = YES_ERROR;
				CLANG_WARN_UNREACHABLE_CODE = YES;
				CLANG_WARN__DUPLICATE_METHOD_MATCH = YES;
				"CODE_SIGN_IDENTITY[sdk=iphoneos*]" = "iPhone Developer";
				COPY_PHASE_STRIP = NO;
				DEBUG_INFORMATION_FORMAT = "dwarf-with-dsym";
				ENABLE_STRICT_OBJC_MSGSEND = YES;
				ENABLE_TESTABILITY = YES;
				GCC_C_LANGUAGE_STANDARD = gnu99;
				GCC_DYNAMIC_NO_PIC = NO;
				GCC_NO_COMMON_BLOCKS = YES;
				GCC_OPTIMIZATION_LEVEL = 0;
				GCC_PREPROCESSOR_DEFINITIONS = (
					"DEBUG=1",
					"$(inherited)",
				);
				GCC_WARN_64_TO_32_BIT_CONVERSION = YES;
				GCC_WARN_ABOUT_RETURN_TYPE = YES_ERROR;
				GCC_WARN_UNDECLARED_SELECTOR = YES;
				GCC_WARN_UNINITIALIZED_AUTOS = YES_AGGRESSIVE;
				GCC_WARN_UNUSED_FUNCTION = YES;
				GCC_WARN_UNUSED_VARIABLE = YES;
				IPHONEOS_DEPLOYMENT_TARGET = 9.0;
				MTL_ENABLE_DEBUG_INFO = YES;
				ONLY_ACTIVE_ARCH = YES;
				SDKROOT = iphoneos;
			};
			name = Debug;
		};
		55B2EA151BB98EC30039D49A /* Release */ = {
			isa = XCBuildConfiguration;
			buildSettings = {
				ALWAYS_SEARCH_USER_PATHS = NO;
				CLANG_CXX_LANGUAGE_STANDARD = "gnu++0x";
				CLANG_CXX_LIBRARY = "libc++";
				CLANG_ENABLE_MODULES = YES;
				CLANG_ENABLE_OBJC_ARC = YES;
				CLANG_WARN_BOOL_CONVERSION = YES;
				CLANG_WARN_CONSTANT_CONVERSION = YES;
				CLANG_WARN_DIRECT_OBJC_ISA_USAGE = YES_ERROR;
				CLANG_WARN_EMPTY_BODY = YES;
				CLANG_WARN_ENUM_CONVERSION = YES;
				CLANG_WARN_INT_CONVERSION = YES;
				CLANG_WARN_OBJC_ROOT_CLASS = YES_ERROR;
				CLANG_WARN_UNREACHABLE_CODE = YES;
				CLANG_WARN__DUPLICATE_METHOD_MATCH = YES;
				"CODE_SIGN_IDENTITY[sdk=iphoneos*]" = "iPhone Developer";
				COPY_PHASE_STRIP = NO;
				DEBUG_INFORMATION_FORMAT = "dwarf-with-dsym";
				ENABLE_NS_ASSERTIONS = NO;
				ENABLE_STRICT_OBJC_MSGSEND = YES;
				GCC_C_LANGUAGE_STANDARD = gnu99;
				GCC_NO_COMMON_BLOCKS = YES;
				GCC_WARN_64_TO_32_BIT_CONVERSION = YES;
				GCC_WARN_ABOUT_RETURN_TYPE = YES_ERROR;
				GCC_WARN_UNDECLARED_SELECTOR = YES;
				GCC_WARN_UNINITIALIZED_AUTOS = YES_AGGRESSIVE;
				GCC_WARN_UNUSED_FUNCTION = YES;
				GCC_WARN_UNUSED_VARIABLE = YES;
				IPHONEOS_DEPLOYMENT_TARGET = 9.0;
				MTL_ENABLE_DEBUG_INFO = NO;
				SDKROOT = iphoneos;
				VALIDATE_PRODUCT = YES;
			};
			name = Release;
		};
		55B2EA171BB98EC30039D49A /* Debug */ = {
			isa = XCBuildConfiguration;
			buildSettings = {
				ASSETCATALOG_COMPILER_APPICON_NAME = AppIcon;
				INFOPLIST_FILE = XDrone2/Info.plist;
				LD_RUNPATH_SEARCH_PATHS = "$(inherited) @executable_path/Frameworks";
				PRODUCT_BUNDLE_IDENTIFIER = lav.XDrone2;
				PRODUCT_NAME = "$(TARGET_NAME)";
			};
			name = Debug;
		};
		55B2EA181BB98EC30039D49A /* Release */ = {
			isa = XCBuildConfiguration;
			buildSettings = {
				ASSETCATALOG_COMPILER_APPICON_NAME = AppIcon;
				INFOPLIST_FILE = XDrone2/Info.plist;
				LD_RUNPATH_SEARCH_PATHS = "$(inherited) @executable_path/Frameworks";
				MTL_ENABLE_DEBUG_INFO = NO;
				PRODUCT_BUNDLE_IDENTIFIER = lav.XDrone2;
				PRODUCT_NAME = "$(TARGET_NAME)";
			};
			name = Release;
		};
		55B2EA1A1BB98EC30039D49A /* Debug */ = {
			isa = XCBuildConfiguration;
			buildSettings = {
				BUNDLE_LOADER = "$(TEST_HOST)";
				DEBUG_INFORMATION_FORMAT = dwarf;
				INFOPLIST_FILE = XDrone2Tests/Info.plist;
				LD_RUNPATH_SEARCH_PATHS = "$(inherited) @executable_path/Frameworks @loader_path/Frameworks";
				PRODUCT_BUNDLE_IDENTIFIER = lav.XDrone2Tests;
				PRODUCT_NAME = "$(TARGET_NAME)";
				TEST_HOST = "$(BUILT_PRODUCTS_DIR)/XDrone2.app/XDrone2";
			};
			name = Debug;
		};
		55B2EA1B1BB98EC30039D49A /* Release */ = {
			isa = XCBuildConfiguration;
			buildSettings = {
				BUNDLE_LOADER = "$(TEST_HOST)";
				INFOPLIST_FILE = XDrone2Tests/Info.plist;
				LD_RUNPATH_SEARCH_PATHS = "$(inherited) @executable_path/Frameworks @loader_path/Frameworks";
				PRODUCT_BUNDLE_IDENTIFIER = lav.XDrone2Tests;
				PRODUCT_NAME = "$(TARGET_NAME)";
				TEST_HOST = "$(BUILT_PRODUCTS_DIR)/XDrone2.app/XDrone2";
			};
			name = Release;
		};
		55B2EA1D1BB98EC30039D49A /* Debug */ = {
			isa = XCBuildConfiguration;
			buildSettings = {
				DEBUG_INFORMATION_FORMAT = dwarf;
				INFOPLIST_FILE = XDrone2UITests/Info.plist;
				LD_RUNPATH_SEARCH_PATHS = "$(inherited) @executable_path/Frameworks @loader_path/Frameworks";
				PRODUCT_BUNDLE_IDENTIFIER = lav.XDrone2UITests;
				PRODUCT_NAME = "$(TARGET_NAME)";
				TEST_TARGET_NAME = XDrone2;
				USES_XCTRUNNER = YES;
			};
			name = Debug;
		};
		55B2EA1E1BB98EC30039D49A /* Release */ = {
			isa = XCBuildConfiguration;
			buildSettings = {
				INFOPLIST_FILE = XDrone2UITests/Info.plist;
				LD_RUNPATH_SEARCH_PATHS = "$(inherited) @executable_path/Frameworks @loader_path/Frameworks";
				PRODUCT_BUNDLE_IDENTIFIER = lav.XDrone2UITests;
				PRODUCT_NAME = "$(TARGET_NAME)";
				TEST_TARGET_NAME = XDrone2;
				USES_XCTRUNNER = YES;
			};
			name = Release;
		};
/* End XCBuildConfiguration section */

/* Begin XCConfigurationList section */
		55B2E9DF1BB98EC30039D49A /* Build configuration list for PBXProject "XDrone2" */ = {
			isa = XCConfigurationList;
			buildConfigurations = (
				55B2EA141BB98EC30039D49A /* Debug */,
				55B2EA151BB98EC30039D49A /* Release */,
			);
			defaultConfigurationIsVisible = 0;
			defaultConfigurationName = Release;
		};
		55B2EA161BB98EC30039D49A /* Build configuration list for PBXNativeTarget "XDrone2" */ = {
			isa = XCConfigurationList;
			buildConfigurations = (
				55B2EA171BB98EC30039D49A /* Debug */,
				55B2EA181BB98EC30039D49A /* Release */,
			);
			defaultConfigurationIsVisible = 0;
			defaultConfigurationName = Release;
		};
		55B2EA191BB98EC30039D49A /* Build configuration list for PBXNativeTarget "XDrone2Tests" */ = {
			isa = XCConfigurationList;
			buildConfigurations = (
				55B2EA1A1BB98EC30039D49A /* Debug */,
				55B2EA1B1BB98EC30039D49A /* Release */,
			);
			defaultConfigurationIsVisible = 0;
			defaultConfigurationName = Release;
		};
		55B2EA1C1BB98EC30039D49A /* Build configuration list for PBXNativeTarget "XDrone2UITests" */ = {
			isa = XCConfigurationList;
			buildConfigurations = (
				55B2EA1D1BB98EC30039D49A /* Debug */,
				55B2EA1E1BB98EC30039D49A /* Release */,
			);
			defaultConfigurationIsVisible = 0;
			defaultConfigurationName = Release;
		};
/* End XCConfigurationList section */
	};
	rootObject = 55B2E9DC1BB98EC30039D49A /* Project object */;
}
